<?xml version="1.0" encoding="utf-8"?>
<Project ToolsVersion="4.0" xmlns="http://schemas.microsoft.com/developer/msbuild/2003">
  <ItemGroup>
    <Filter Include="Header Files">
      <UniqueIdentifier>{93995380-89BD-4b04-88EB-625FBE52EBFB}</UniqueIdentifier>
      <Extensions>h;hpp;hxx;hm;inl;inc;xsd</Extensions>
    </Filter>
    <Filter Include="Resource Files">
      <UniqueIdentifier>{67DA6AB6-F800-4c08-8B7A-83BB121AAD01}</UniqueIdentifier>
      <Extensions>rc;ico;cur;bmp;dlg;rc2;rct;bin;rgs;gif;jpg;jpeg;jpe;resx;tiff;tif;png;wav;mfcribbon-ms</Extensions>
    </Filter>
    <Filter Include="Source Files">
      <UniqueIdentifier>{4FC737F1-C7A5-4376-A066-2A32D752A2FF}</UniqueIdentifier>
      <Extensions>cpp;c;cc;cxx;def;odl;idl;hpj;bat;asm;asmx</Extensions>
    </Filter>
    <Filter Include="Header Files\allocators">
      <UniqueIdentifier>{3a79f5ac-08b8-4d59-a17d-5989ac2dceeb}</UniqueIdentifier>
    </Filter>
    <Filter Include="Header Files\dlmalloc">
      <UniqueIdentifier>{a6e9afbe-5336-4575-8d96-d655b25721af}</UniqueIdentifier>
    </Filter>
    <Filter Include="Source Files\allocators">
      <UniqueIdentifier>{989a269a-04af-4b1b-94bb-1c4fdc6f24b7}</UniqueIdentifier>
    </Filter>
    <Filter Include="Source Files\dlmalloc">
      <UniqueIdentifier>{b82ddf93-e015-4782-93cf-a3ea0e3a804e}</UniqueIdentifier>
    </Filter>
    <Filter Include="Header Files\framework">
      <UniqueIdentifier>{19aa5071-7fb5-4f07-885a-c78179869500}</UniqueIdentifier>
    </Filter>
    <Filter Include="Source Files\framework">
      <UniqueIdentifier>{b6e605ab-ce6a-444f-8db7-f9120afe394e}</UniqueIdentifier>
    </Filter>
  </ItemGroup>
  <ItemGroup>
    <ClInclude Include="stdafx.h">
      <Filter>Header Files</Filter>
    </ClInclude>
    <ClInclude Include="targetver.h">
      <Filter>Header Files</Filter>
    </ClInclude>
    <ClInclude Include="..\..\..\include\core\assert.h">
      <Filter>Header Files</Filter>
    </ClInclude>
    <ClInclude Include="..\..\..\include\core\globals.h">
      <Filter>Header Files</Filter>
    </ClInclude>
    <ClInclude Include="..\..\..\include\core\platforms.h">
      <Filter>Header Files</Filter>
    </ClInclude>
    <ClInclude Include="..\..\..\include\core\trace.h">
      <Filter>Header Files</Filter>
    </ClInclude>
    <ClInclude Include="..\..\..\include\core\types.h">
      <Filter>Header Files</Filter>
    </ClInclude>
    <ClInclude Include="..\..\..\include\core\util.h">
      <Filter>Header Files</Filter>
    </ClInclude>
    <ClInclude Include="..\..\..\include\core\allocators\allocator.h">
      <Filter>Header Files\allocators</Filter>
    </ClInclude>
    <ClInclude Include="..\..\..\include\core\allocators\doublebufferedallocator.h">
      <Filter>Header Files\allocators</Filter>
    </ClInclude>
    <ClInclude Include="..\..\..\include\core\allocators\doublestackallocator.h">
      <Filter>Header Files\allocators</Filter>
    </ClInclude>
    <ClInclude Include="..\..\..\include\core\allocators\heapallocator.h">
      <Filter>Header Files\allocators</Filter>
    </ClInclude>
    <ClInclude Include="..\..\..\include\core\allocators\pageallocator.h">
      <Filter>Header Files\allocators</Filter>
    </ClInclude>
    <ClInclude Include="..\..\..\include\core\allocators\poolallocator.h">
      <Filter>Header Files\allocators</Filter>
    </ClInclude>
    <ClInclude Include="..\..\..\include\core\allocators\proxyallocator.h">
      <Filter>Header Files\allocators</Filter>
    </ClInclude>
    <ClInclude Include="..\..\..\include\core\allocators\stackallocator.h">
      <Filter>Header Files\allocators</Filter>
    </ClInclude>
    <ClInclude Include="..\..\..\include\core\allocators\stlallocator.h">
      <Filter>Header Files\allocators</Filter>
    </ClInclude>
    <ClInclude Include="..\..\..\include\core\allocators\traceallocator.h">
      <Filter>Header Files\allocators</Filter>
    </ClInclude>
    <ClInclude Include="..\..\..\include\core\dlmalloc\malloc.h">
      <Filter>Header Files\dlmalloc</Filter>
    </ClInclude>
    <ClInclude Include="..\..\..\include\core\framework\gameapp.h">
      <Filter>Header Files\framework</Filter>
    </ClInclude>
  </ItemGroup>
  <ItemGroup>
    <ClCompile Include="stdafx.cpp">
      <Filter>Source Files</Filter>
    </ClCompile>
    <ClCompile Include="..\..\..\src\core\assert.cpp">
      <Filter>Source Files</Filter>
    </ClCompile>
    <ClCompile Include="..\..\..\src\core\globals.cpp">
      <Filter>Source Files</Filter>
    </ClCompile>
    <ClCompile Include="..\..\..\src\core\trace.cpp">
      <Filter>Source Files</Filter>
    </ClCompile>
    <ClCompile Include="..\..\..\src\core\allocators\allocator.cpp">
      <Filter>Source Files\allocators</Filter>
    </ClCompile>
    <ClCompile Include="..\..\..\src\core\allocators\doublebufferedallocator.cpp">
      <Filter>Source Files\allocators</Filter>
    </ClCompile>
    <ClCompile Include="..\..\..\src\core\allocators\doublestackallocator.cpp">
      <Filter>Source Files\allocators</Filter>
    </ClCompile>
    <ClCompile Include="..\..\..\src\core\allocators\heapallocator.cpp">
      <Filter>Source Files\allocators</Filter>
    </ClCompile>
    <ClCompile Include="..\..\..\src\core\allocators\poolallocator.cpp">
      <Filter>Source Files\allocators</Filter>
    </ClCompile>
    <ClCompile Include="..\..\..\src\core\allocators\proxyallocator.cpp">
      <Filter>Source Files\allocators</Filter>
    </ClCompile>
    <ClCompile Include="..\..\..\src\core\allocators\stackallocator.cpp">
      <Filter>Source Files\allocators</Filter>
    </ClCompile>
    <ClCompile Include="..\..\..\src\core\dlmalloc\malloc.cpp">
      <Filter>Source Files\dlmalloc</Filter>
    </ClCompile>
    <ClCompile Include="..\..\..\src\core\framework\gameapp.cpp">
      <Filter>Source Files\framework</Filter>
    </ClCompile>
  </ItemGroup>
  <ItemGroup>
    <None Include="..\..\..\include\core\allocators\allocator.inl">
      <Filter>Header Files\allocators</Filter>
    </None>
    <None Include="..\..\..\include\core\allocators\traceallocator.inl">
      <Filter>Header Files\allocators</Filter>
    </None>
  </ItemGroup>
</Project>